// !$*UTF8*$!
{
	archiveVersion = 1;
	classes = {
	};
	objectVersion = 46;
	objects = {

/* Begin PBXBuildFile section */
		1202CE891ED7D6DC0042F8A7 /* ABS2ViewController.swift in Sources */ = {isa = PBXBuildFile; fileRef = 1202CE881ED7D6DC0042F8A7 /* ABS2ViewController.swift */; };
		1202CE8B1ED7E07F0042F8A7 /* LALSCViewController.swift in Sources */ = {isa = PBXBuildFile; fileRef = 1202CE8A1ED7E07F0042F8A7 /* LALSCViewController.swift */; };
		1202CE8F1ED88D620042F8A7 /* BdayViewController.swift in Sources */ = {isa = PBXBuildFile; fileRef = 1202CE8E1ED88D620042F8A7 /* BdayViewController.swift */; };
		1202CE911ED88F9B0042F8A7 /* CdayViewController.swift in Sources */ = {isa = PBXBuildFile; fileRef = 1202CE901ED88F9B0042F8A7 /* CdayViewController.swift */; };
		1202CE931ED890330042F8A7 /* DdayViewController.swift in Sources */ = {isa = PBXBuildFile; fileRef = 1202CE921ED890330042F8A7 /* DdayViewController.swift */; };
		1202CE951ED8BC680042F8A7 /* eBoardViewController.swift in Sources */ = {isa = PBXBuildFile; fileRef = 1202CE941ED8BC680042F8A7 /* eBoardViewController.swift */; };
		1202CE971ED8DA720042F8A7 /* AdayViewController.swift in Sources */ = {isa = PBXBuildFile; fileRef = 1202CE961ED8DA710042F8A7 /* AdayViewController.swift */; };
		12305D9E1ED6778B00CE0102 /* NavianceViewController.swift in Sources */ = {isa = PBXBuildFile; fileRef = 12305D9D1ED6778B00CE0102 /* NavianceViewController.swift */; };
		126710671EC4EA1B00CCC28E /* LLAViewController.swift in Sources */ = {isa = PBXBuildFile; fileRef = 126710661EC4EA1B00CCC28E /* LLAViewController.swift */; };
		1267106B1EC5378F00CCC28E /* ZenithViewController.swift in Sources */ = {isa = PBXBuildFile; fileRef = 1267106A1EC5378F00CCC28E /* ZenithViewController.swift */; };
		12EA84451ED7B9190063F8C4 /* ABSViewController.swift in Sources */ = {isa = PBXBuildFile; fileRef = 12EA84441ED7B9190063F8C4 /* ABSViewController.swift */; };
		CF290ED51ED337CC00439D0B /* InfoViewController.swift in Sources */ = {isa = PBXBuildFile; fileRef = CF290ED41ED337CC00439D0B /* InfoViewController.swift */; };
		CF290EDE1ED4B74700439D0B /* PWViewController.swift in Sources */ = {isa = PBXBuildFile; fileRef = CF290EDD1ED4B74700439D0B /* PWViewController.swift */; };
		CF290EE01ED4B7BD00439D0B /* F&SViewController.swift in Sources */ = {isa = PBXBuildFile; fileRef = CF290EDF1ED4B7BD00439D0B /* F&SViewController.swift */; };
		CF290EE21ED4B7D200439D0B /* H&AViewController.swift in Sources */ = {isa = PBXBuildFile; fileRef = CF290EE11ED4B7D200439D0B /* H&AViewController.swift */; };
		CF290EE41ED4B7E900439D0B /* HisViewController.swift in Sources */ = {isa = PBXBuildFile; fileRef = CF290EE31ED4B7E900439D0B /* HisViewController.swift */; };
		CF290EE61ED4B80800439D0B /* MeetHHSViewController.swift in Sources */ = {isa = PBXBuildFile; fileRef = CF290EE51ED4B80800439D0B /* MeetHHSViewController.swift */; };
		CF290EE81ED4B86F00439D0B /* C&SDViewController.swift in Sources */ = {isa = PBXBuildFile; fileRef = CF290EE71ED4B86F00439D0B /* C&SDViewController.swift */; };
		CF290EEA1ED4B88100439D0B /* SPViewController.swift in Sources */ = {isa = PBXBuildFile; fileRef = CF290EE91ED4B88100439D0B /* SPViewController.swift */; };
		CF290EEC1ED4B88800439D0B /* CalViewController.swift in Sources */ = {isa = PBXBuildFile; fileRef = CF290EEB1ED4B88800439D0B /* CalViewController.swift */; };
		CF290EEF1ED4B8BC00439D0B /* IBViewController.swift in Sources */ = {isa = PBXBuildFile; fileRef = CF290EEE1ED4B8BC00439D0B /* IBViewController.swift */; };
		CF290EF11ED4B8DF00439D0B /* PGViewController.swift in Sources */ = {isa = PBXBuildFile; fileRef = CF290EF01ED4B8DF00439D0B /* PGViewController.swift */; };
		CF290EF31ED4B8E700439D0B /* POWERViewController.swift in Sources */ = {isa = PBXBuildFile; fileRef = CF290EF21ED4B8E700439D0B /* POWERViewController.swift */; };
		CF290EF51ED4B8EF00439D0B /* PSUViewController.swift in Sources */ = {isa = PBXBuildFile; fileRef = CF290EF41ED4B8EF00439D0B /* PSUViewController.swift */; };
		CF290EF91ED4B91000439D0B /* SummerProViewController.swift in Sources */ = {isa = PBXBuildFile; fileRef = CF290EF81ED4B91000439D0B /* SummerProViewController.swift */; };
		CF290EFB1ED4B91F00439D0B /* SummerReadViewController.swift in Sources */ = {isa = PBXBuildFile; fileRef = CF290EFA1ED4B91F00439D0B /* SummerReadViewController.swift */; };
		CF290EFD1ED4B92700439D0B /* ICViewController.swift in Sources */ = {isa = PBXBuildFile; fileRef = CF290EFC1ED4B92700439D0B /* ICViewController.swift */; };
		CF290EFF1ED4B92F00439D0B /* KeystoneViewController.swift in Sources */ = {isa = PBXBuildFile; fileRef = CF290EFE1ED4B92F00439D0B /* KeystoneViewController.swift */; };
		CF290F011ED4B93700439D0B /* ROViewController.swift in Sources */ = {isa = PBXBuildFile; fileRef = CF290F001ED4B93700439D0B /* ROViewController.swift */; };
		CF290F041ED4B97900439D0B /* ACViewController.swift in Sources */ = {isa = PBXBuildFile; fileRef = CF290F031ED4B97900439D0B /* ACViewController.swift */; };
		CF290F061ED4B99200439D0B /* DigitalSportsViewController.swift in Sources */ = {isa = PBXBuildFile; fileRef = CF290F051ED4B99200439D0B /* DigitalSportsViewController.swift */; };
		CF290F081ED4B99900439D0B /* FSViewController.swift in Sources */ = {isa = PBXBuildFile; fileRef = CF290F071ED4B99900439D0B /* FSViewController.swift */; };
		CF290F0A1ED4B99F00439D0B /* WSViewController.swift in Sources */ = {isa = PBXBuildFile; fileRef = CF290F091ED4B99F00439D0B /* WSViewController.swift */; };
		CF290F0C1ED4B9A500439D0B /* SSViewController.swift in Sources */ = {isa = PBXBuildFile; fileRef = CF290F0B1ED4B9A500439D0B /* SSViewController.swift */; };
		CF290F0E1ED4B9B300439D0B /* TitleIXViewController.swift in Sources */ = {isa = PBXBuildFile; fileRef = CF290F0D1ED4B9B300439D0B /* TitleIXViewController.swift */; };
		CF290F121ED4B9C300439D0B /* CLSViewController.swift in Sources */ = {isa = PBXBuildFile; fileRef = CF290F111ED4B9C300439D0B /* CLSViewController.swift */; };
		CF290F141ED4B9CE00439D0B /* WoFViewController.swift in Sources */ = {isa = PBXBuildFile; fileRef = CF290F131ED4B9CE00439D0B /* WoFViewController.swift */; };
		CF290F181ED4B9E000439D0B /* CIViewController.swift in Sources */ = {isa = PBXBuildFile; fileRef = CF290F171ED4B9E000439D0B /* CIViewController.swift */; };
		CF290F1B1ED4BA4100439D0B /* ActivitesViewController.swift in Sources */ = {isa = PBXBuildFile; fileRef = CF290F1A1ED4BA4100439D0B /* ActivitesViewController.swift */; };
		CF290F1D1ED4BA6200439D0B /* BSViewController.swift in Sources */ = {isa = PBXBuildFile; fileRef = CF290F1C1ED4BA6200439D0B /* BSViewController.swift */; };
		CF290F1F1ED4BA6B00439D0B /* LBRViewController.swift in Sources */ = {isa = PBXBuildFile; fileRef = CF290F1E1ED4BA6B00439D0B /* LBRViewController.swift */; };
		CF290F211ED4BA7200439D0B /* LDSViewController.swift in Sources */ = {isa = PBXBuildFile; fileRef = CF290F201ED4BA7200439D0B /* LDSViewController.swift */; };
		CF290F231ED4BA7900439D0B /* SHViewController.swift in Sources */ = {isa = PBXBuildFile; fileRef = CF290F221ED4BA7900439D0B /* SHViewController.swift */; };
		CF290F261ED4BADD00439D0B /* OSViewController.swift in Sources */ = {isa = PBXBuildFile; fileRef = CF290F251ED4BADD00439D0B /* OSViewController.swift */; };
		CF290F281ED4BAE500439D0B /* CCRFViewController.swift in Sources */ = {isa = PBXBuildFile; fileRef = CF290F271ED4BAE500439D0B /* CCRFViewController.swift */; };
		CF290F2A1ED4BAED00439D0B /* 9ViewController.swift in Sources */ = {isa = PBXBuildFile; fileRef = CF290F291ED4BAED00439D0B /* 9ViewController.swift */; };
		CF290F2D1ED4BB2900439D0B /* HSAViewController.swift in Sources */ = {isa = PBXBuildFile; fileRef = CF290F2C1ED4BB2900439D0B /* HSAViewController.swift */; };
		CF290F311ED4BB3900439D0B /* AIViewController.swift in Sources */ = {isa = PBXBuildFile; fileRef = CF290F301ED4BB3900439D0B /* AIViewController.swift */; };
		CF290F331ED4BB4000439D0B /* RIViewController.swift in Sources */ = {isa = PBXBuildFile; fileRef = CF290F321ED4BB4000439D0B /* RIViewController.swift */; };
		CF290F351ED4BB4A00439D0B /* EP-uIViewController.swift in Sources */ = {isa = PBXBuildFile; fileRef = CF290F341ED4BB4A00439D0B /* EP-uIViewController.swift */; };
		CF290F391ED4BB7000439D0B /* SchoolStoreViewController.swift in Sources */ = {isa = PBXBuildFile; fileRef = CF290F381ED4BB7000439D0B /* SchoolStoreViewController.swift */; };
		CF290F3B1ED4BB7C00439D0B /* MySchoolAccountViewController.swift in Sources */ = {isa = PBXBuildFile; fileRef = CF290F3A1ED4BB7C00439D0B /* MySchoolAccountViewController.swift */; };
		CF290F3D1ED4BB8400439D0B /* WDIAViewController.swift in Sources */ = {isa = PBXBuildFile; fileRef = CF290F3C1ED4BB8400439D0B /* WDIAViewController.swift */; };
		CF290F3F1ED4BB9000439D0B /* PUSViewController.swift in Sources */ = {isa = PBXBuildFile; fileRef = CF290F3E1ED4BB9000439D0B /* PUSViewController.swift */; };
		CF290F411ED4BB9900439D0B /* OWPViewController.swift in Sources */ = {isa = PBXBuildFile; fileRef = CF290F401ED4BB9900439D0B /* OWPViewController.swift */; };
		CF4261C31ED8D49E00749B68 /* NewsTableViewController.swift in Sources */ = {isa = PBXBuildFile; fileRef = CF4261C21ED8D49E00749B68 /* NewsTableViewController.swift */; };
		CF4261C61ED8D4AD00749B68 /* NewsTableViewCell.swift in Sources */ = {isa = PBXBuildFile; fileRef = CF4261C41ED8D4AD00749B68 /* NewsTableViewCell.swift */; };
		CF4261C71ED8D4AD00749B68 /* Item.swift in Sources */ = {isa = PBXBuildFile; fileRef = CF4261C51ED8D4AD00749B68 /* Item.swift */; };
		CF4261DB1EDC7C0000749B68 /* 3.png in Resources */ = {isa = PBXBuildFile; fileRef = CF4261DA1EDC7C0000749B68 /* 3.png */; };
		CF4261DD1EDC7C1500749B68 /* 4.png in Resources */ = {isa = PBXBuildFile; fileRef = CF4261DC1EDC7C1500749B68 /* 4.png */; };
		CF4261DF1EDDBE8D00749B68 /* 1.png in Resources */ = {isa = PBXBuildFile; fileRef = CF4261DE1EDDBE8D00749B68 /* 1.png */; };
		CF4261E11EDDBE9700749B68 /* 2.png in Resources */ = {isa = PBXBuildFile; fileRef = CF4261E01EDDBE9700749B68 /* 2.png */; };
		CFA1612B1EC220BD000D8395 /* PowerSchoolViewController.swift in Sources */ = {isa = PBXBuildFile; fileRef = CFA1612A1EC220BD000D8395 /* PowerSchoolViewController.swift */; };
		CFA1612D1EC2413C000D8395 /* TheHarritonBannerViewController.swift in Sources */ = {isa = PBXBuildFile; fileRef = CFA1612C1EC2413C000D8395 /* TheHarritonBannerViewController.swift */; };
		CFB14D6B1EC4B49D007214FA /* BlackBoardViewController.swift in Sources */ = {isa = PBXBuildFile; fileRef = CFB14D6A1EC4B49D007214FA /* BlackBoardViewController.swift */; };
		CFE1F8871EAD92C20026061C /* AppDelegate.swift in Sources */ = {isa = PBXBuildFile; fileRef = CFE1F8861EAD92C20026061C /* AppDelegate.swift */; };
		CFE1F88C1EAD92C20026061C /* Main.storyboard in Resources */ = {isa = PBXBuildFile; fileRef = CFE1F88A1EAD92C20026061C /* Main.storyboard */; };
		CFE1F88E1EAD92C20026061C /* Assets.xcassets in Resources */ = {isa = PBXBuildFile; fileRef = CFE1F88D1EAD92C20026061C /* Assets.xcassets */; };
		CFE1F8911EAD92C20026061C /* LaunchScreen.storyboard in Resources */ = {isa = PBXBuildFile; fileRef = CFE1F88F1EAD92C20026061C /* LaunchScreen.storyboard */; };
		CFE1F89C1EAD92C20026061C /* HarritonMobileAppTests.swift in Sources */ = {isa = PBXBuildFile; fileRef = CFE1F89B1EAD92C20026061C /* HarritonMobileAppTests.swift */; };
		CFE1F8A71EAD92C20026061C /* HarritonMobileAppUITests.swift in Sources */ = {isa = PBXBuildFile; fileRef = CFE1F8A61EAD92C20026061C /* HarritonMobileAppUITests.swift */; };
		CFE1F8B71EAD93190026061C /* SWRevealViewController.m in Sources */ = {isa = PBXBuildFile; fileRef = CFE1F8B51EAD93190026061C /* SWRevealViewController.m */; };
		CFE1F8B91EAD944F0026061C /* ViewController.swift in Sources */ = {isa = PBXBuildFile; fileRef = CFE1F8B81EAD944F0026061C /* ViewController.swift */; };
		CFE1F8C31EADBD280026061C /* AboutHarritonViewController.swift in Sources */ = {isa = PBXBuildFile; fileRef = CFE1F8C21EADBD280026061C /* AboutHarritonViewController.swift */; };
		CFE1F8C71EB0213E0026061C /* AcademicsViewController.swift in Sources */ = {isa = PBXBuildFile; fileRef = CFE1F8C61EB0213E0026061C /* AcademicsViewController.swift */; };
		CFE1F8C91EB021540026061C /* ArtsViewController.swift in Sources */ = {isa = PBXBuildFile; fileRef = CFE1F8C81EB021540026061C /* ArtsViewController.swift */; };
		CFE1F8CB1EB0216D0026061C /* AthleticsViewController.swift in Sources */ = {isa = PBXBuildFile; fileRef = CFE1F8CA1EB0216D0026061C /* AthleticsViewController.swift */; };
		CFE1F8CD1EB021850026061C /* CampusLifeViewController.swift in Sources */ = {isa = PBXBuildFile; fileRef = CFE1F8CC1EB021850026061C /* CampusLifeViewController.swift */; };
		CFE1F8CF1EB0219C0026061C /* SchoolCounselingViewController.swift in Sources */ = {isa = PBXBuildFile; fileRef = CFE1F8CE1EB0219C0026061C /* SchoolCounselingViewController.swift */; };
		CFE1F8D11EB021B00026061C /* ParentInfoViewController.swift in Sources */ = {isa = PBXBuildFile; fileRef = CFE1F8D01EB021B00026061C /* ParentInfoViewController.swift */; };
		CFE1F8D31EB021C20026061C /* StudentPortalViewController.swift in Sources */ = {isa = PBXBuildFile; fileRef = CFE1F8D21EB021C20026061C /* StudentPortalViewController.swift */; };
/* End PBXBuildFile section */

/* Begin PBXContainerItemProxy section */
		CFE1F8981EAD92C20026061C /* PBXContainerItemProxy */ = {
			isa = PBXContainerItemProxy;
			containerPortal = CFE1F87B1EAD92C20026061C /* Project object */;
			proxyType = 1;
			remoteGlobalIDString = CFE1F8821EAD92C20026061C;
			remoteInfo = HarritonMobileApp;
		};
		CFE1F8A31EAD92C20026061C /* PBXContainerItemProxy */ = {
			isa = PBXContainerItemProxy;
			containerPortal = CFE1F87B1EAD92C20026061C /* Project object */;
			proxyType = 1;
			remoteGlobalIDString = CFE1F8821EAD92C20026061C;
			remoteInfo = HarritonMobileApp;
		};
/* End PBXContainerItemProxy section */

/* Begin PBXFileReference section */
		1202CE881ED7D6DC0042F8A7 /* ABS2ViewController.swift */ = {isa = PBXFileReference; fileEncoding = 4; lastKnownFileType = sourcecode.swift; path = ABS2ViewController.swift; sourceTree = "<group>"; };
		1202CE8A1ED7E07F0042F8A7 /* LALSCViewController.swift */ = {isa = PBXFileReference; fileEncoding = 4; lastKnownFileType = sourcecode.swift; path = LALSCViewController.swift; sourceTree = "<group>"; };
		1202CE8E1ED88D620042F8A7 /* BdayViewController.swift */ = {isa = PBXFileReference; fileEncoding = 4; lastKnownFileType = sourcecode.swift; path = BdayViewController.swift; sourceTree = "<group>"; };
		1202CE901ED88F9B0042F8A7 /* CdayViewController.swift */ = {isa = PBXFileReference; fileEncoding = 4; lastKnownFileType = sourcecode.swift; path = CdayViewController.swift; sourceTree = "<group>"; };
		1202CE921ED890330042F8A7 /* DdayViewController.swift */ = {isa = PBXFileReference; fileEncoding = 4; lastKnownFileType = sourcecode.swift; path = DdayViewController.swift; sourceTree = "<group>"; };
		1202CE941ED8BC680042F8A7 /* eBoardViewController.swift */ = {isa = PBXFileReference; fileEncoding = 4; lastKnownFileType = sourcecode.swift; path = eBoardViewController.swift; sourceTree = "<group>"; };
		1202CE961ED8DA710042F8A7 /* AdayViewController.swift */ = {isa = PBXFileReference; fileEncoding = 4; lastKnownFileType = sourcecode.swift; path = AdayViewController.swift; sourceTree = "<group>"; };
		12305D9D1ED6778B00CE0102 /* NavianceViewController.swift */ = {isa = PBXFileReference; fileEncoding = 4; lastKnownFileType = sourcecode.swift; path = NavianceViewController.swift; sourceTree = "<group>"; };
		126710661EC4EA1B00CCC28E /* LLAViewController.swift */ = {isa = PBXFileReference; fileEncoding = 4; lastKnownFileType = sourcecode.swift; path = LLAViewController.swift; sourceTree = "<group>"; };
		1267106A1EC5378F00CCC28E /* ZenithViewController.swift */ = {isa = PBXFileReference; fileEncoding = 4; lastKnownFileType = sourcecode.swift; path = ZenithViewController.swift; sourceTree = "<group>"; };
		12EA84441ED7B9190063F8C4 /* ABSViewController.swift */ = {isa = PBXFileReference; fileEncoding = 4; lastKnownFileType = sourcecode.swift; path = ABSViewController.swift; sourceTree = "<group>"; };
		CF290ED41ED337CC00439D0B /* InfoViewController.swift */ = {isa = PBXFileReference; fileEncoding = 4; lastKnownFileType = sourcecode.swift; path = InfoViewController.swift; sourceTree = "<group>"; };
		CF290EDD1ED4B74700439D0B /* PWViewController.swift */ = {isa = PBXFileReference; fileEncoding = 4; lastKnownFileType = sourcecode.swift; path = PWViewController.swift; sourceTree = "<group>"; };
		CF290EDF1ED4B7BD00439D0B /* F&SViewController.swift */ = {isa = PBXFileReference; fileEncoding = 4; lastKnownFileType = sourcecode.swift; path = "F&SViewController.swift"; sourceTree = "<group>"; };
		CF290EE11ED4B7D200439D0B /* H&AViewController.swift */ = {isa = PBXFileReference; fileEncoding = 4; lastKnownFileType = sourcecode.swift; path = "H&AViewController.swift"; sourceTree = "<group>"; };
		CF290EE31ED4B7E900439D0B /* HisViewController.swift */ = {isa = PBXFileReference; fileEncoding = 4; lastKnownFileType = sourcecode.swift; path = HisViewController.swift; sourceTree = "<group>"; };
		CF290EE51ED4B80800439D0B /* MeetHHSViewController.swift */ = {isa = PBXFileReference; fileEncoding = 4; lastKnownFileType = sourcecode.swift; path = MeetHHSViewController.swift; sourceTree = "<group>"; };
		CF290EE71ED4B86F00439D0B /* C&SDViewController.swift */ = {isa = PBXFileReference; fileEncoding = 4; lastKnownFileType = sourcecode.swift; path = "C&SDViewController.swift"; sourceTree = "<group>"; };
		CF290EE91ED4B88100439D0B /* SPViewController.swift */ = {isa = PBXFileReference; fileEncoding = 4; lastKnownFileType = sourcecode.swift; path = SPViewController.swift; sourceTree = "<group>"; };
		CF290EEB1ED4B88800439D0B /* CalViewController.swift */ = {isa = PBXFileReference; fileEncoding = 4; lastKnownFileType = sourcecode.swift; path = CalViewController.swift; sourceTree = "<group>"; };
		CF290EEE1ED4B8BC00439D0B /* IBViewController.swift */ = {isa = PBXFileReference; fileEncoding = 4; lastKnownFileType = sourcecode.swift; path = IBViewController.swift; sourceTree = "<group>"; };
		CF290EF01ED4B8DF00439D0B /* PGViewController.swift */ = {isa = PBXFileReference; fileEncoding = 4; lastKnownFileType = sourcecode.swift; path = PGViewController.swift; sourceTree = "<group>"; };
		CF290EF21ED4B8E700439D0B /* POWERViewController.swift */ = {isa = PBXFileReference; fileEncoding = 4; lastKnownFileType = sourcecode.swift; path = POWERViewController.swift; sourceTree = "<group>"; };
		CF290EF41ED4B8EF00439D0B /* PSUViewController.swift */ = {isa = PBXFileReference; fileEncoding = 4; lastKnownFileType = sourcecode.swift; path = PSUViewController.swift; sourceTree = "<group>"; };
		CF290EF81ED4B91000439D0B /* SummerProViewController.swift */ = {isa = PBXFileReference; fileEncoding = 4; lastKnownFileType = sourcecode.swift; path = SummerProViewController.swift; sourceTree = "<group>"; };
		CF290EFA1ED4B91F00439D0B /* SummerReadViewController.swift */ = {isa = PBXFileReference; fileEncoding = 4; lastKnownFileType = sourcecode.swift; path = SummerReadViewController.swift; sourceTree = "<group>"; };
		CF290EFC1ED4B92700439D0B /* ICViewController.swift */ = {isa = PBXFileReference; fileEncoding = 4; lastKnownFileType = sourcecode.swift; path = ICViewController.swift; sourceTree = "<group>"; };
		CF290EFE1ED4B92F00439D0B /* KeystoneViewController.swift */ = {isa = PBXFileReference; fileEncoding = 4; lastKnownFileType = sourcecode.swift; path = KeystoneViewController.swift; sourceTree = "<group>"; };
		CF290F001ED4B93700439D0B /* ROViewController.swift */ = {isa = PBXFileReference; fileEncoding = 4; lastKnownFileType = sourcecode.swift; path = ROViewController.swift; sourceTree = "<group>"; };
		CF290F031ED4B97900439D0B /* ACViewController.swift */ = {isa = PBXFileReference; fileEncoding = 4; lastKnownFileType = sourcecode.swift; path = ACViewController.swift; sourceTree = "<group>"; };
		CF290F051ED4B99200439D0B /* DigitalSportsViewController.swift */ = {isa = PBXFileReference; fileEncoding = 4; lastKnownFileType = sourcecode.swift; path = DigitalSportsViewController.swift; sourceTree = "<group>"; };
		CF290F071ED4B99900439D0B /* FSViewController.swift */ = {isa = PBXFileReference; fileEncoding = 4; lastKnownFileType = sourcecode.swift; path = FSViewController.swift; sourceTree = "<group>"; };
		CF290F091ED4B99F00439D0B /* WSViewController.swift */ = {isa = PBXFileReference; fileEncoding = 4; lastKnownFileType = sourcecode.swift; path = WSViewController.swift; sourceTree = "<group>"; };
		CF290F0B1ED4B9A500439D0B /* SSViewController.swift */ = {isa = PBXFileReference; fileEncoding = 4; lastKnownFileType = sourcecode.swift; path = SSViewController.swift; sourceTree = "<group>"; };
		CF290F0D1ED4B9B300439D0B /* TitleIXViewController.swift */ = {isa = PBXFileReference; fileEncoding = 4; lastKnownFileType = sourcecode.swift; path = TitleIXViewController.swift; sourceTree = "<group>"; };
		CF290F111ED4B9C300439D0B /* CLSViewController.swift */ = {isa = PBXFileReference; fileEncoding = 4; lastKnownFileType = sourcecode.swift; path = CLSViewController.swift; sourceTree = "<group>"; };
		CF290F131ED4B9CE00439D0B /* WoFViewController.swift */ = {isa = PBXFileReference; fileEncoding = 4; lastKnownFileType = sourcecode.swift; path = WoFViewController.swift; sourceTree = "<group>"; };
		CF290F171ED4B9E000439D0B /* CIViewController.swift */ = {isa = PBXFileReference; fileEncoding = 4; lastKnownFileType = sourcecode.swift; path = CIViewController.swift; sourceTree = "<group>"; };
		CF290F1A1ED4BA4100439D0B /* ActivitesViewController.swift */ = {isa = PBXFileReference; fileEncoding = 4; lastKnownFileType = sourcecode.swift; path = ActivitesViewController.swift; sourceTree = "<group>"; };
		CF290F1C1ED4BA6200439D0B /* BSViewController.swift */ = {isa = PBXFileReference; fileEncoding = 4; lastKnownFileType = sourcecode.swift; path = BSViewController.swift; sourceTree = "<group>"; };
		CF290F1E1ED4BA6B00439D0B /* LBRViewController.swift */ = {isa = PBXFileReference; fileEncoding = 4; lastKnownFileType = sourcecode.swift; path = LBRViewController.swift; sourceTree = "<group>"; };
		CF290F201ED4BA7200439D0B /* LDSViewController.swift */ = {isa = PBXFileReference; fileEncoding = 4; lastKnownFileType = sourcecode.swift; path = LDSViewController.swift; sourceTree = "<group>"; };
		CF290F221ED4BA7900439D0B /* SHViewController.swift */ = {isa = PBXFileReference; fileEncoding = 4; lastKnownFileType = sourcecode.swift; path = SHViewController.swift; sourceTree = "<group>"; };
		CF290F251ED4BADD00439D0B /* OSViewController.swift */ = {isa = PBXFileReference; fileEncoding = 4; lastKnownFileType = sourcecode.swift; path = OSViewController.swift; sourceTree = "<group>"; };
		CF290F271ED4BAE500439D0B /* CCRFViewController.swift */ = {isa = PBXFileReference; fileEncoding = 4; lastKnownFileType = sourcecode.swift; path = CCRFViewController.swift; sourceTree = "<group>"; };
		CF290F291ED4BAED00439D0B /* 9ViewController.swift */ = {isa = PBXFileReference; fileEncoding = 4; lastKnownFileType = sourcecode.swift; path = 9ViewController.swift; sourceTree = "<group>"; };
		CF290F2C1ED4BB2900439D0B /* HSAViewController.swift */ = {isa = PBXFileReference; fileEncoding = 4; lastKnownFileType = sourcecode.swift; path = HSAViewController.swift; sourceTree = "<group>"; };
		CF290F301ED4BB3900439D0B /* AIViewController.swift */ = {isa = PBXFileReference; fileEncoding = 4; lastKnownFileType = sourcecode.swift; path = AIViewController.swift; sourceTree = "<group>"; };
		CF290F321ED4BB4000439D0B /* RIViewController.swift */ = {isa = PBXFileReference; fileEncoding = 4; lastKnownFileType = sourcecode.swift; path = RIViewController.swift; sourceTree = "<group>"; };
		CF290F341ED4BB4A00439D0B /* EP-uIViewController.swift */ = {isa = PBXFileReference; fileEncoding = 4; lastKnownFileType = sourcecode.swift; path = "EP-uIViewController.swift"; sourceTree = "<group>"; };
		CF290F381ED4BB7000439D0B /* SchoolStoreViewController.swift */ = {isa = PBXFileReference; fileEncoding = 4; lastKnownFileType = sourcecode.swift; path = SchoolStoreViewController.swift; sourceTree = "<group>"; };
		CF290F3A1ED4BB7C00439D0B /* MySchoolAccountViewController.swift */ = {isa = PBXFileReference; fileEncoding = 4; lastKnownFileType = sourcecode.swift; path = MySchoolAccountViewController.swift; sourceTree = "<group>"; };
		CF290F3C1ED4BB8400439D0B /* WDIAViewController.swift */ = {isa = PBXFileReference; fileEncoding = 4; lastKnownFileType = sourcecode.swift; path = WDIAViewController.swift; sourceTree = "<group>"; };
		CF290F3E1ED4BB9000439D0B /* PUSViewController.swift */ = {isa = PBXFileReference; fileEncoding = 4; lastKnownFileType = sourcecode.swift; path = PUSViewController.swift; sourceTree = "<group>"; };
		CF290F401ED4BB9900439D0B /* OWPViewController.swift */ = {isa = PBXFileReference; fileEncoding = 4; lastKnownFileType = sourcecode.swift; path = OWPViewController.swift; sourceTree = "<group>"; };
		CF4261C21ED8D49E00749B68 /* NewsTableViewController.swift */ = {isa = PBXFileReference; fileEncoding = 4; lastKnownFileType = sourcecode.swift; path = NewsTableViewController.swift; sourceTree = "<group>"; };
		CF4261C41ED8D4AD00749B68 /* NewsTableViewCell.swift */ = {isa = PBXFileReference; fileEncoding = 4; lastKnownFileType = sourcecode.swift; path = NewsTableViewCell.swift; sourceTree = "<group>"; };
		CF4261C51ED8D4AD00749B68 /* Item.swift */ = {isa = PBXFileReference; fileEncoding = 4; lastKnownFileType = sourcecode.swift; path = Item.swift; sourceTree = "<group>"; };
		CF4261DA1EDC7C0000749B68 /* 3.png */ = {isa = PBXFileReference; lastKnownFileType = image.png; path = 3.png; sourceTree = "<group>"; };
		CF4261DC1EDC7C1500749B68 /* 4.png */ = {isa = PBXFileReference; lastKnownFileType = image.png; path = 4.png; sourceTree = "<group>"; };
		CF4261DE1EDDBE8D00749B68 /* 1.png */ = {isa = PBXFileReference; lastKnownFileType = image.png; path = 1.png; sourceTree = "<group>"; };
		CF4261E01EDDBE9700749B68 /* 2.png */ = {isa = PBXFileReference; lastKnownFileType = image.png; path = 2.png; sourceTree = "<group>"; };
		CFA1612A1EC220BD000D8395 /* PowerSchoolViewController.swift */ = {isa = PBXFileReference; fileEncoding = 4; lastKnownFileType = sourcecode.swift; name = PowerSchoolViewController.swift; path = StudentPortalFiles/PowerSchoolViewController.swift; sourceTree = "<group>"; };
		CFA1612C1EC2413C000D8395 /* TheHarritonBannerViewController.swift */ = {isa = PBXFileReference; fileEncoding = 4; lastKnownFileType = sourcecode.swift; name = TheHarritonBannerViewController.swift; path = StudentPortalFiles/TheHarritonBannerViewController.swift; sourceTree = "<group>"; };
		CFB14D6A1EC4B49D007214FA /* BlackBoardViewController.swift */ = {isa = PBXFileReference; fileEncoding = 4; lastKnownFileType = sourcecode.swift; path = BlackBoardViewController.swift; sourceTree = "<group>"; };
		CFE1F8831EAD92C20026061C /* HarritonMobileApp.app */ = {isa = PBXFileReference; explicitFileType = wrapper.application; includeInIndex = 0; path = HarritonMobileApp.app; sourceTree = BUILT_PRODUCTS_DIR; };
		CFE1F8861EAD92C20026061C /* AppDelegate.swift */ = {isa = PBXFileReference; lastKnownFileType = sourcecode.swift; path = AppDelegate.swift; sourceTree = "<group>"; };
		CFE1F88B1EAD92C20026061C /* Base */ = {isa = PBXFileReference; lastKnownFileType = file.storyboard; name = Base; path = Base.lproj/Main.storyboard; sourceTree = "<group>"; };
		CFE1F88D1EAD92C20026061C /* Assets.xcassets */ = {isa = PBXFileReference; lastKnownFileType = folder.assetcatalog; path = Assets.xcassets; sourceTree = "<group>"; };
		CFE1F8901EAD92C20026061C /* Base */ = {isa = PBXFileReference; lastKnownFileType = file.storyboard; name = Base; path = Base.lproj/LaunchScreen.storyboard; sourceTree = "<group>"; };
		CFE1F8921EAD92C20026061C /* Info.plist */ = {isa = PBXFileReference; lastKnownFileType = text.plist.xml; path = Info.plist; sourceTree = "<group>"; };
		CFE1F8971EAD92C20026061C /* HarritonMobileAppTests.xctest */ = {isa = PBXFileReference; explicitFileType = wrapper.cfbundle; includeInIndex = 0; path = HarritonMobileAppTests.xctest; sourceTree = BUILT_PRODUCTS_DIR; };
		CFE1F89B1EAD92C20026061C /* HarritonMobileAppTests.swift */ = {isa = PBXFileReference; lastKnownFileType = sourcecode.swift; path = HarritonMobileAppTests.swift; sourceTree = "<group>"; };
		CFE1F89D1EAD92C20026061C /* Info.plist */ = {isa = PBXFileReference; lastKnownFileType = text.plist.xml; path = Info.plist; sourceTree = "<group>"; };
		CFE1F8A21EAD92C20026061C /* HarritonMobileAppUITests.xctest */ = {isa = PBXFileReference; explicitFileType = wrapper.cfbundle; includeInIndex = 0; path = HarritonMobileAppUITests.xctest; sourceTree = BUILT_PRODUCTS_DIR; };
		CFE1F8A61EAD92C20026061C /* HarritonMobileAppUITests.swift */ = {isa = PBXFileReference; lastKnownFileType = sourcecode.swift; path = HarritonMobileAppUITests.swift; sourceTree = "<group>"; };
		CFE1F8A81EAD92C20026061C /* Info.plist */ = {isa = PBXFileReference; lastKnownFileType = text.plist.xml; path = Info.plist; sourceTree = "<group>"; };
		CFE1F8B41EAD93190026061C /* HarritonMobileApp-Bridging-Header.h */ = {isa = PBXFileReference; lastKnownFileType = sourcecode.c.h; path = "HarritonMobileApp-Bridging-Header.h"; sourceTree = "<group>"; };
		CFE1F8B51EAD93190026061C /* SWRevealViewController.m */ = {isa = PBXFileReference; fileEncoding = 4; lastKnownFileType = sourcecode.c.objc; path = SWRevealViewController.m; sourceTree = "<group>"; };
		CFE1F8B61EAD93190026061C /* SWRevealViewController.h */ = {isa = PBXFileReference; fileEncoding = 4; lastKnownFileType = sourcecode.c.h; path = SWRevealViewController.h; sourceTree = "<group>"; };
		CFE1F8B81EAD944F0026061C /* ViewController.swift */ = {isa = PBXFileReference; fileEncoding = 4; lastKnownFileType = sourcecode.swift; path = ViewController.swift; sourceTree = "<group>"; };
		CFE1F8C21EADBD280026061C /* AboutHarritonViewController.swift */ = {isa = PBXFileReference; fileEncoding = 4; lastKnownFileType = sourcecode.swift; path = AboutHarritonViewController.swift; sourceTree = "<group>"; };
		CFE1F8C61EB0213E0026061C /* AcademicsViewController.swift */ = {isa = PBXFileReference; fileEncoding = 4; lastKnownFileType = sourcecode.swift; path = AcademicsViewController.swift; sourceTree = "<group>"; };
		CFE1F8C81EB021540026061C /* ArtsViewController.swift */ = {isa = PBXFileReference; fileEncoding = 4; lastKnownFileType = sourcecode.swift; path = ArtsViewController.swift; sourceTree = "<group>"; };
		CFE1F8CA1EB0216D0026061C /* AthleticsViewController.swift */ = {isa = PBXFileReference; fileEncoding = 4; lastKnownFileType = sourcecode.swift; path = AthleticsViewController.swift; sourceTree = "<group>"; };
		CFE1F8CC1EB021850026061C /* CampusLifeViewController.swift */ = {isa = PBXFileReference; fileEncoding = 4; lastKnownFileType = sourcecode.swift; path = CampusLifeViewController.swift; sourceTree = "<group>"; };
		CFE1F8CE1EB0219C0026061C /* SchoolCounselingViewController.swift */ = {isa = PBXFileReference; fileEncoding = 4; lastKnownFileType = sourcecode.swift; path = SchoolCounselingViewController.swift; sourceTree = "<group>"; };
		CFE1F8D01EB021B00026061C /* ParentInfoViewController.swift */ = {isa = PBXFileReference; fileEncoding = 4; lastKnownFileType = sourcecode.swift; path = ParentInfoViewController.swift; sourceTree = "<group>"; };
		CFE1F8D21EB021C20026061C /* StudentPortalViewController.swift */ = {isa = PBXFileReference; fileEncoding = 4; lastKnownFileType = sourcecode.swift; path = StudentPortalViewController.swift; sourceTree = "<group>"; };
/* End PBXFileReference section */

/* Begin PBXFrameworksBuildPhase section */
		CFE1F8801EAD92C20026061C /* Frameworks */ = {
			isa = PBXFrameworksBuildPhase;
			buildActionMask = 2147483647;
			files = (
			);
			runOnlyForDeploymentPostprocessing = 0;
		};
		CFE1F8941EAD92C20026061C /* Frameworks */ = {
			isa = PBXFrameworksBuildPhase;
			buildActionMask = 2147483647;
			files = (
			);
			runOnlyForDeploymentPostprocessing = 0;
		};
		CFE1F89F1EAD92C20026061C /* Frameworks */ = {
			isa = PBXFrameworksBuildPhase;
			buildActionMask = 2147483647;
			files = (
			);
			runOnlyForDeploymentPostprocessing = 0;
		};
/* End PBXFrameworksBuildPhase section */

/* Begin PBXGroup section */
		CF290EDA1ED4A6A800439D0B /* SideMenu */ = {
			isa = PBXGroup;
			children = (
				CF290EDB1ED4A6E200439D0B /* SPButtons */,
				CF290EDC1ED4A75100439D0B /* SubMenu */,
				CFE1F8C21EADBD280026061C /* AboutHarritonViewController.swift */,
				CFE1F8C61EB0213E0026061C /* AcademicsViewController.swift */,
				CFE1F8C81EB021540026061C /* ArtsViewController.swift */,
				CFE1F8CA1EB0216D0026061C /* AthleticsViewController.swift */,
				CFE1F8CC1EB021850026061C /* CampusLifeViewController.swift */,
				CFE1F8CE1EB0219C0026061C /* SchoolCounselingViewController.swift */,
				CF4261C21ED8D49E00749B68 /* NewsTableViewController.swift */,
				CF4261C81ED8D4C200749B68 /* NewsCenterClasses */,
				CFE1F8D01EB021B00026061C /* ParentInfoViewController.swift */,
				CFE1F8D21EB021C20026061C /* StudentPortalViewController.swift */,
			);
			name = SideMenu;
			sourceTree = "<group>";
		};
		CF290EDB1ED4A6E200439D0B /* SPButtons */ = {
			isa = PBXGroup;
			children = (
				1202CE961ED8DA710042F8A7 /* AdayViewController.swift */,
				12EA84441ED7B9190063F8C4 /* ABSViewController.swift */,
				12305D9D1ED6778B00CE0102 /* NavianceViewController.swift */,
				1267106A1EC5378F00CCC28E /* ZenithViewController.swift */,
				126710661EC4EA1B00CCC28E /* LLAViewController.swift */,
				CFB14D6A1EC4B49D007214FA /* BlackBoardViewController.swift */,
				CFA1612A1EC220BD000D8395 /* PowerSchoolViewController.swift */,
				CFA1612C1EC2413C000D8395 /* TheHarritonBannerViewController.swift */,
				1202CE881ED7D6DC0042F8A7 /* ABS2ViewController.swift */,
				1202CE8A1ED7E07F0042F8A7 /* LALSCViewController.swift */,
				1202CE8E1ED88D620042F8A7 /* BdayViewController.swift */,
				1202CE901ED88F9B0042F8A7 /* CdayViewController.swift */,
				1202CE921ED890330042F8A7 /* DdayViewController.swift */,
				1202CE941ED8BC680042F8A7 /* eBoardViewController.swift */,
			);
			name = SPButtons;
			sourceTree = "<group>";
		};
		CF290EDC1ED4A75100439D0B /* SubMenu */ = {
			isa = PBXGroup;
			children = (
				CF290F441ED4BC8500439D0B /* Parent Info */,
				CF290F2B1ED4BAF400439D0B /* School Counseling */,
				CF290F241ED4BA8100439D0B /* Campus Life */,
				CF290F191ED4B9EA00439D0B /* Athletics */,
				CF290F021ED4B94100439D0B /* Academics */,
				CF290EED1ED4B89300439D0B /* About Harriton */,
			);
			name = SubMenu;
			sourceTree = "<group>";
		};
		CF290EED1ED4B89300439D0B /* About Harriton */ = {
			isa = PBXGroup;
			children = (
				CF290EDD1ED4B74700439D0B /* PWViewController.swift */,
				CF290EDF1ED4B7BD00439D0B /* F&SViewController.swift */,
				CF290EE11ED4B7D200439D0B /* H&AViewController.swift */,
				CF290EE31ED4B7E900439D0B /* HisViewController.swift */,
				CF290EE51ED4B80800439D0B /* MeetHHSViewController.swift */,
				CF290EE71ED4B86F00439D0B /* C&SDViewController.swift */,
				CF290EE91ED4B88100439D0B /* SPViewController.swift */,
				CF290EEB1ED4B88800439D0B /* CalViewController.swift */,
			);
			name = "About Harriton";
			sourceTree = "<group>";
		};
		CF290F021ED4B94100439D0B /* Academics */ = {
			isa = PBXGroup;
			children = (
				CF290EEE1ED4B8BC00439D0B /* IBViewController.swift */,
				CF290EF01ED4B8DF00439D0B /* PGViewController.swift */,
				CF290EF21ED4B8E700439D0B /* POWERViewController.swift */,
				CF290EF41ED4B8EF00439D0B /* PSUViewController.swift */,
				CF290EF81ED4B91000439D0B /* SummerProViewController.swift */,
				CF290EFA1ED4B91F00439D0B /* SummerReadViewController.swift */,
				CF290EFC1ED4B92700439D0B /* ICViewController.swift */,
				CF290EFE1ED4B92F00439D0B /* KeystoneViewController.swift */,
				CF290F001ED4B93700439D0B /* ROViewController.swift */,
			);
			name = Academics;
			sourceTree = "<group>";
		};
		CF290F191ED4B9EA00439D0B /* Athletics */ = {
			isa = PBXGroup;
			children = (
				CF290F031ED4B97900439D0B /* ACViewController.swift */,
				CF290F051ED4B99200439D0B /* DigitalSportsViewController.swift */,
				CF290F071ED4B99900439D0B /* FSViewController.swift */,
				CF290F091ED4B99F00439D0B /* WSViewController.swift */,
				CF290F0B1ED4B9A500439D0B /* SSViewController.swift */,
				CF290F0D1ED4B9B300439D0B /* TitleIXViewController.swift */,
				CF290F111ED4B9C300439D0B /* CLSViewController.swift */,
				CF290F131ED4B9CE00439D0B /* WoFViewController.swift */,
				CF290F171ED4B9E000439D0B /* CIViewController.swift */,
			);
			name = Athletics;
			sourceTree = "<group>";
		};
		CF290F241ED4BA8100439D0B /* Campus Life */ = {
			isa = PBXGroup;
			children = (
				CF290F1A1ED4BA4100439D0B /* ActivitesViewController.swift */,
				CF290F1C1ED4BA6200439D0B /* BSViewController.swift */,
				CF290F1E1ED4BA6B00439D0B /* LBRViewController.swift */,
				CF290F201ED4BA7200439D0B /* LDSViewController.swift */,
				CF290F221ED4BA7900439D0B /* SHViewController.swift */,
			);
			name = "Campus Life";
			sourceTree = "<group>";
		};
		CF290F2B1ED4BAF400439D0B /* School Counseling */ = {
			isa = PBXGroup;
			children = (
				CF290F251ED4BADD00439D0B /* OSViewController.swift */,
				CF290F271ED4BAE500439D0B /* CCRFViewController.swift */,
				CF290F291ED4BAED00439D0B /* 9ViewController.swift */,
			);
			name = "School Counseling";
			sourceTree = "<group>";
		};
		CF290F441ED4BC8500439D0B /* Parent Info */ = {
			isa = PBXGroup;
			children = (
				CF290F2C1ED4BB2900439D0B /* HSAViewController.swift */,
				CF290F301ED4BB3900439D0B /* AIViewController.swift */,
				CF290F321ED4BB4000439D0B /* RIViewController.swift */,
				CF290F341ED4BB4A00439D0B /* EP-uIViewController.swift */,
				CF290F381ED4BB7000439D0B /* SchoolStoreViewController.swift */,
				CF290F3A1ED4BB7C00439D0B /* MySchoolAccountViewController.swift */,
				CF290F3C1ED4BB8400439D0B /* WDIAViewController.swift */,
				CF290F3E1ED4BB9000439D0B /* PUSViewController.swift */,
				CF290F401ED4BB9900439D0B /* OWPViewController.swift */,
			);
			name = "Parent Info";
			sourceTree = "<group>";
		};
		CF4261C81ED8D4C200749B68 /* NewsCenterClasses */ = {
			isa = PBXGroup;
			children = (
				CF4261C41ED8D4AD00749B68 /* NewsTableViewCell.swift */,
				CF4261C51ED8D4AD00749B68 /* Item.swift */,
			);
			name = NewsCenterClasses;
			sourceTree = "<group>";
		};
		CF4261D11EDC761500749B68 /* FrontPagePics */ = {
			isa = PBXGroup;
			children = (
				CF4261DE1EDDBE8D00749B68 /* 1.png */,
				CF4261E01EDDBE9700749B68 /* 2.png */,
				CF4261DA1EDC7C0000749B68 /* 3.png */,
				CF4261DC1EDC7C1500749B68 /* 4.png */,
			);
			name = FrontPagePics;
			sourceTree = "<group>";
		};
		CFE1F87A1EAD92C20026061C = {
			isa = PBXGroup;
			children = (
				CFE1F8851EAD92C20026061C /* HarritonMobileApp */,
				CFE1F89A1EAD92C20026061C /* HarritonMobileAppTests */,
				CFE1F8A51EAD92C20026061C /* HarritonMobileAppUITests */,
				CFE1F8841EAD92C20026061C /* Products */,
			);
			sourceTree = "<group>";
		};
		CFE1F8841EAD92C20026061C /* Products */ = {
			isa = PBXGroup;
			children = (
				CFE1F8831EAD92C20026061C /* HarritonMobileApp.app */,
				CFE1F8971EAD92C20026061C /* HarritonMobileAppTests.xctest */,
				CFE1F8A21EAD92C20026061C /* HarritonMobileAppUITests.xctest */,
			);
			name = Products;
			sourceTree = "<group>";
		};
		CFE1F8851EAD92C20026061C /* HarritonMobileApp */ = {
			isa = PBXGroup;
			children = (
				CFE1F8861EAD92C20026061C /* AppDelegate.swift */,
				CFE1F88A1EAD92C20026061C /* Main.storyboard */,
				CFE1F88F1EAD92C20026061C /* LaunchScreen.storyboard */,
				CFE1F88D1EAD92C20026061C /* Assets.xcassets */,
				CF290EDA1ED4A6A800439D0B /* SideMenu */,
				CF290ED41ED337CC00439D0B /* InfoViewController.swift */,
				CFE1F8B81EAD944F0026061C /* ViewController.swift */,
				CF4261D11EDC761500749B68 /* FrontPagePics */,
				CFE1F8B51EAD93190026061C /* SWRevealViewController.m */,
				CFE1F8B61EAD93190026061C /* SWRevealViewController.h */,
				CFE1F8B41EAD93190026061C /* HarritonMobileApp-Bridging-Header.h */,
				CFE1F8921EAD92C20026061C /* Info.plist */,
			);
			path = HarritonMobileApp;
			sourceTree = "<group>";
		};
		CFE1F89A1EAD92C20026061C /* HarritonMobileAppTests */ = {
			isa = PBXGroup;
			children = (
				CFE1F89B1EAD92C20026061C /* HarritonMobileAppTests.swift */,
				CFE1F89D1EAD92C20026061C /* Info.plist */,
			);
			path = HarritonMobileAppTests;
			sourceTree = "<group>";
		};
		CFE1F8A51EAD92C20026061C /* HarritonMobileAppUITests */ = {
			isa = PBXGroup;
			children = (
				CFE1F8A61EAD92C20026061C /* HarritonMobileAppUITests.swift */,
				CFE1F8A81EAD92C20026061C /* Info.plist */,
			);
			path = HarritonMobileAppUITests;
			sourceTree = "<group>";
		};
/* End PBXGroup section */

/* Begin PBXNativeTarget section */
		CFE1F8821EAD92C20026061C /* HarritonMobileApp */ = {
			isa = PBXNativeTarget;
			buildConfigurationList = CFE1F8AB1EAD92C20026061C /* Build configuration list for PBXNativeTarget "HarritonMobileApp" */;
			buildPhases = (
				CFE1F87F1EAD92C20026061C /* Sources */,
				CFE1F8801EAD92C20026061C /* Frameworks */,
				CFE1F8811EAD92C20026061C /* Resources */,
			);
			buildRules = (
			);
			dependencies = (
			);
			name = HarritonMobileApp;
			productName = HarritonMobileApp;
			productReference = CFE1F8831EAD92C20026061C /* HarritonMobileApp.app */;
			productType = "com.apple.product-type.application";
		};
		CFE1F8961EAD92C20026061C /* HarritonMobileAppTests */ = {
			isa = PBXNativeTarget;
			buildConfigurationList = CFE1F8AE1EAD92C20026061C /* Build configuration list for PBXNativeTarget "HarritonMobileAppTests" */;
			buildPhases = (
				CFE1F8931EAD92C20026061C /* Sources */,
				CFE1F8941EAD92C20026061C /* Frameworks */,
				CFE1F8951EAD92C20026061C /* Resources */,
			);
			buildRules = (
			);
			dependencies = (
				CFE1F8991EAD92C20026061C /* PBXTargetDependency */,
			);
			name = HarritonMobileAppTests;
			productName = HarritonMobileAppTests;
			productReference = CFE1F8971EAD92C20026061C /* HarritonMobileAppTests.xctest */;
			productType = "com.apple.product-type.bundle.unit-test";
		};
		CFE1F8A11EAD92C20026061C /* HarritonMobileAppUITests */ = {
			isa = PBXNativeTarget;
			buildConfigurationList = CFE1F8B11EAD92C20026061C /* Build configuration list for PBXNativeTarget "HarritonMobileAppUITests" */;
			buildPhases = (
				CFE1F89E1EAD92C20026061C /* Sources */,
				CFE1F89F1EAD92C20026061C /* Frameworks */,
				CFE1F8A01EAD92C20026061C /* Resources */,
			);
			buildRules = (
			);
			dependencies = (
				CFE1F8A41EAD92C20026061C /* PBXTargetDependency */,
			);
			name = HarritonMobileAppUITests;
			productName = HarritonMobileAppUITests;
			productReference = CFE1F8A21EAD92C20026061C /* HarritonMobileAppUITests.xctest */;
			productType = "com.apple.product-type.bundle.ui-testing";
		};
/* End PBXNativeTarget section */

/* Begin PBXProject section */
		CFE1F87B1EAD92C20026061C /* Project object */ = {
			isa = PBXProject;
			attributes = {
				LastSwiftUpdateCheck = 0810;
				LastUpgradeCheck = 0810;
				ORGANIZATIONNAME = "David DeBellis";
				TargetAttributes = {
					CFE1F8821EAD92C20026061C = {
						CreatedOnToolsVersion = 8.1;
						DevelopmentTeam = 89QA549549;
						LastSwiftMigration = 0810;
						ProvisioningStyle = Automatic;
					};
					CFE1F8961EAD92C20026061C = {
						CreatedOnToolsVersion = 8.1;
						ProvisioningStyle = Automatic;
						TestTargetID = CFE1F8821EAD92C20026061C;
					};
					CFE1F8A11EAD92C20026061C = {
						CreatedOnToolsVersion = 8.1;
						ProvisioningStyle = Automatic;
						TestTargetID = CFE1F8821EAD92C20026061C;
					};
				};
			};
			buildConfigurationList = CFE1F87E1EAD92C20026061C /* Build configuration list for PBXProject "HarritonMobileApp" */;
			compatibilityVersion = "Xcode 3.2";
			developmentRegion = English;
			hasScannedForEncodings = 0;
			knownRegions = (
				en,
				Base,
			);
			mainGroup = CFE1F87A1EAD92C20026061C;
			productRefGroup = CFE1F8841EAD92C20026061C /* Products */;
			projectDirPath = "";
			projectRoot = "";
			targets = (
				CFE1F8821EAD92C20026061C /* HarritonMobileApp */,
				CFE1F8961EAD92C20026061C /* HarritonMobileAppTests */,
				CFE1F8A11EAD92C20026061C /* HarritonMobileAppUITests */,
			);
		};
/* End PBXProject section */

/* Begin PBXResourcesBuildPhase section */
		CFE1F8811EAD92C20026061C /* Resources */ = {
			isa = PBXResourcesBuildPhase;
			buildActionMask = 2147483647;
			files = (
				CFE1F8911EAD92C20026061C /* LaunchScreen.storyboard in Resources */,
				CF4261DD1EDC7C1500749B68 /* 4.png in Resources */,
				CF4261E11EDDBE9700749B68 /* 2.png in Resources */,
				CF4261DB1EDC7C0000749B68 /* 3.png in Resources */,
				CF4261DF1EDDBE8D00749B68 /* 1.png in Resources */,
				CFE1F88E1EAD92C20026061C /* Assets.xcassets in Resources */,
				CFE1F88C1EAD92C20026061C /* Main.storyboard in Resources */,
			);
			runOnlyForDeploymentPostprocessing = 0;
		};
		CFE1F8951EAD92C20026061C /* Resources */ = {
			isa = PBXResourcesBuildPhase;
			buildActionMask = 2147483647;
			files = (
			);
			runOnlyForDeploymentPostprocessing = 0;
		};
		CFE1F8A01EAD92C20026061C /* Resources */ = {
			isa = PBXResourcesBuildPhase;
			buildActionMask = 2147483647;
			files = (
			);
			runOnlyForDeploymentPostprocessing = 0;
		};
/* End PBXResourcesBuildPhase section */

/* Begin PBXSourcesBuildPhase section */
		CFE1F87F1EAD92C20026061C /* Sources */ = {
			isa = PBXSourcesBuildPhase;
			buildActionMask = 2147483647;
			files = (
				CF290EF31ED4B8E700439D0B /* POWERViewController.swift in Sources */,
				CF290F0C1ED4B9A500439D0B /* SSViewController.swift in Sources */,
				1202CE931ED890330042F8A7 /* DdayViewController.swift in Sources */,
				1202CE951ED8BC680042F8A7 /* eBoardViewController.swift in Sources */,
				CF290EF91ED4B91000439D0B /* SummerProViewController.swift in Sources */,
				CFE1F8B91EAD944F0026061C /* ViewController.swift in Sources */,
				CFA1612D1EC2413C000D8395 /* TheHarritonBannerViewController.swift in Sources */,
				CF290EFF1ED4B92F00439D0B /* KeystoneViewController.swift in Sources */,
				CF290EFD1ED4B92700439D0B /* ICViewController.swift in Sources */,
				CF290EFB1ED4B91F00439D0B /* SummerReadViewController.swift in Sources */,
				CF290F0E1ED4B9B300439D0B /* TitleIXViewController.swift in Sources */,
				CF290F351ED4BB4A00439D0B /* EP-uIViewController.swift in Sources */,
				CF290F331ED4BB4000439D0B /* RIViewController.swift in Sources */,
				CF290EEC1ED4B88800439D0B /* CalViewController.swift in Sources */,
				CFE1F8D31EB021C20026061C /* StudentPortalViewController.swift in Sources */,
				CF290EDE1ED4B74700439D0B /* PWViewController.swift in Sources */,
				CF290EE41ED4B7E900439D0B /* HisViewController.swift in Sources */,
				CF290F2A1ED4BAED00439D0B /* 9ViewController.swift in Sources */,
				CFA1612B1EC220BD000D8395 /* PowerSchoolViewController.swift in Sources */,
				CF290EE81ED4B86F00439D0B /* C&SDViewController.swift in Sources */,
				CF290F3F1ED4BB9000439D0B /* PUSViewController.swift in Sources */,
				CFE1F8CF1EB0219C0026061C /* SchoolCounselingViewController.swift in Sources */,
				CF4261C31ED8D49E00749B68 /* NewsTableViewController.swift in Sources */,
				CF290F281ED4BAE500439D0B /* CCRFViewController.swift in Sources */,
				CFE1F8CD1EB021850026061C /* CampusLifeViewController.swift in Sources */,
				CF290F121ED4B9C300439D0B /* CLSViewController.swift in Sources */,
				126710671EC4EA1B00CCC28E /* LLAViewController.swift in Sources */,
				CF290F3D1ED4BB8400439D0B /* WDIAViewController.swift in Sources */,
				CF290EE21ED4B7D200439D0B /* H&AViewController.swift in Sources */,
				CF290F181ED4B9E000439D0B /* CIViewController.swift in Sources */,
				CF290F1B1ED4BA4100439D0B /* ActivitesViewController.swift in Sources */,
				1202CE8B1ED7E07F0042F8A7 /* LALSCViewController.swift in Sources */,
				1202CE891ED7D6DC0042F8A7 /* ABS2ViewController.swift in Sources */,
				CF290F081ED4B99900439D0B /* FSViewController.swift in Sources */,
				CF290EF11ED4B8DF00439D0B /* PGViewController.swift in Sources */,
				CFE1F8C31EADBD280026061C /* AboutHarritonViewController.swift in Sources */,
				CF290F061ED4B99200439D0B /* DigitalSportsViewController.swift in Sources */,
				CF290EEF1ED4B8BC00439D0B /* IBViewController.swift in Sources */,
				CF290F0A1ED4B99F00439D0B /* WSViewController.swift in Sources */,
				CF290F311ED4BB3900439D0B /* AIViewController.swift in Sources */,
				CF290ED51ED337CC00439D0B /* InfoViewController.swift in Sources */,
				CF290F1D1ED4BA6200439D0B /* BSViewController.swift in Sources */,
				1202CE911ED88F9B0042F8A7 /* CdayViewController.swift in Sources */,
				CF4261C61ED8D4AD00749B68 /* NewsTableViewCell.swift in Sources */,
				1267106B1EC5378F00CCC28E /* ZenithViewController.swift in Sources */,
				CF290EE61ED4B80800439D0B /* MeetHHSViewController.swift in Sources */,
				CFE1F8871EAD92C20026061C /* AppDelegate.swift in Sources */,
				CF290EF51ED4B8EF00439D0B /* PSUViewController.swift in Sources */,
				CF4261C71ED8D4AD00749B68 /* Item.swift in Sources */,
				12305D9E1ED6778B00CE0102 /* NavianceViewController.swift in Sources */,
				CFE1F8B71EAD93190026061C /* SWRevealViewController.m in Sources */,
				CF290EEA1ED4B88100439D0B /* SPViewController.swift in Sources */,
				CF290F391ED4BB7000439D0B /* SchoolStoreViewController.swift in Sources */,
				CF290F3B1ED4BB7C00439D0B /* MySchoolAccountViewController.swift in Sources */,
				CF290F211ED4BA7200439D0B /* LDSViewController.swift in Sources */,
				CF290F411ED4BB9900439D0B /* OWPViewController.swift in Sources */,
				12EA84451ED7B9190063F8C4 /* ABSViewController.swift in Sources */,
				CFB14D6B1EC4B49D007214FA /* BlackBoardViewController.swift in Sources */,
				CF290F1F1ED4BA6B00439D0B /* LBRViewController.swift in Sources */,
				CFE1F8CB1EB0216D0026061C /* AthleticsViewController.swift in Sources */,
				CF290F231ED4BA7900439D0B /* SHViewController.swift in Sources */,
				CFE1F8C91EB021540026061C /* ArtsViewController.swift in Sources */,
				CF290F041ED4B97900439D0B /* ACViewController.swift in Sources */,
				1202CE971ED8DA720042F8A7 /* AdayViewController.swift in Sources */,
				1202CE8F1ED88D620042F8A7 /* BdayViewController.swift in Sources */,
				CF290F011ED4B93700439D0B /* ROViewController.swift in Sources */,
				CFE1F8D11EB021B00026061C /* ParentInfoViewController.swift in Sources */,
				CF290EE01ED4B7BD00439D0B /* F&SViewController.swift in Sources */,
				CFE1F8C71EB0213E0026061C /* AcademicsViewController.swift in Sources */,
				CF290F2D1ED4BB2900439D0B /* HSAViewController.swift in Sources */,
				CF290F261ED4BADD00439D0B /* OSViewController.swift in Sources */,
				CF290F141ED4B9CE00439D0B /* WoFViewController.swift in Sources */,
			);
			runOnlyForDeploymentPostprocessing = 0;
		};
		CFE1F8931EAD92C20026061C /* Sources */ = {
			isa = PBXSourcesBuildPhase;
			buildActionMask = 2147483647;
			files = (
				CFE1F89C1EAD92C20026061C /* HarritonMobileAppTests.swift in Sources */,
			);
			runOnlyForDeploymentPostprocessing = 0;
		};
		CFE1F89E1EAD92C20026061C /* Sources */ = {
			isa = PBXSourcesBuildPhase;
			buildActionMask = 2147483647;
			files = (
				CFE1F8A71EAD92C20026061C /* HarritonMobileAppUITests.swift in Sources */,
			);
			runOnlyForDeploymentPostprocessing = 0;
		};
/* End PBXSourcesBuildPhase section */

/* Begin PBXTargetDependency section */
		CFE1F8991EAD92C20026061C /* PBXTargetDependency */ = {
			isa = PBXTargetDependency;
			target = CFE1F8821EAD92C20026061C /* HarritonMobileApp */;
			targetProxy = CFE1F8981EAD92C20026061C /* PBXContainerItemProxy */;
		};
		CFE1F8A41EAD92C20026061C /* PBXTargetDependency */ = {
			isa = PBXTargetDependency;
			target = CFE1F8821EAD92C20026061C /* HarritonMobileApp */;
			targetProxy = CFE1F8A31EAD92C20026061C /* PBXContainerItemProxy */;
		};
/* End PBXTargetDependency section */

/* Begin PBXVariantGroup section */
		CFE1F88A1EAD92C20026061C /* Main.storyboard */ = {
			isa = PBXVariantGroup;
			children = (
				CFE1F88B1EAD92C20026061C /* Base */,
			);
			name = Main.storyboard;
			sourceTree = "<group>";
		};
		CFE1F88F1EAD92C20026061C /* LaunchScreen.storyboard */ = {
			isa = PBXVariantGroup;
			children = (
				CFE1F8901EAD92C20026061C /* Base */,
			);
			name = LaunchScreen.storyboard;
			sourceTree = "<group>";
		};
/* End PBXVariantGroup section */

/* Begin XCBuildConfiguration section */
		CFE1F8A91EAD92C20026061C /* Debug */ = {
			isa = XCBuildConfiguration;
			buildSettings = {
				ALWAYS_SEARCH_USER_PATHS = NO;
				CLANG_ANALYZER_NONNULL = YES;
				CLANG_CXX_LANGUAGE_STANDARD = "gnu++0x";
				CLANG_CXX_LIBRARY = "libc++";
				CLANG_ENABLE_MODULES = YES;
				CLANG_ENABLE_OBJC_ARC = YES;
				CLANG_WARN_BOOL_CONVERSION = YES;
				CLANG_WARN_CONSTANT_CONVERSION = YES;
				CLANG_WARN_DIRECT_OBJC_ISA_USAGE = YES_ERROR;
				CLANG_WARN_DOCUMENTATION_COMMENTS = YES;
				CLANG_WARN_EMPTY_BODY = YES;
				CLANG_WARN_ENUM_CONVERSION = YES;
				CLANG_WARN_INFINITE_RECURSION = YES;
				CLANG_WARN_INT_CONVERSION = YES;
				CLANG_WARN_OBJC_ROOT_CLASS = YES_ERROR;
				CLANG_WARN_SUSPICIOUS_MOVES = YES;
				CLANG_WARN_UNREACHABLE_CODE = YES;
				CLANG_WARN__DUPLICATE_METHOD_MATCH = YES;
				"CODE_SIGN_IDENTITY[sdk=iphoneos*]" = "iPhone Developer";
				COPY_PHASE_STRIP = NO;
				DEBUG_INFORMATION_FORMAT = dwarf;
				ENABLE_STRICT_OBJC_MSGSEND = YES;
				ENABLE_TESTABILITY = YES;
				GCC_C_LANGUAGE_STANDARD = gnu99;
				GCC_DYNAMIC_NO_PIC = NO;
				GCC_NO_COMMON_BLOCKS = YES;
				GCC_OPTIMIZATION_LEVEL = 0;
				GCC_PREPROCESSOR_DEFINITIONS = (
					"DEBUG=1",
					"$(inherited)",
				);
				GCC_WARN_64_TO_32_BIT_CONVERSION = YES;
				GCC_WARN_ABOUT_RETURN_TYPE = YES_ERROR;
				GCC_WARN_UNDECLARED_SELECTOR = YES;
				GCC_WARN_UNINITIALIZED_AUTOS = YES_AGGRESSIVE;
				GCC_WARN_UNUSED_FUNCTION = YES;
				GCC_WARN_UNUSED_VARIABLE = YES;
				IPHONEOS_DEPLOYMENT_TARGET = 10.1;
				MTL_ENABLE_DEBUG_INFO = YES;
				ONLY_ACTIVE_ARCH = YES;
				SDKROOT = iphoneos;
				SWIFT_ACTIVE_COMPILATION_CONDITIONS = DEBUG;
				SWIFT_OPTIMIZATION_LEVEL = "-Onone";
			};
			name = Debug;
		};
		CFE1F8AA1EAD92C20026061C /* Release */ = {
			isa = XCBuildConfiguration;
			buildSettings = {
				ALWAYS_SEARCH_USER_PATHS = NO;
				CLANG_ANALYZER_NONNULL = YES;
				CLANG_CXX_LANGUAGE_STANDARD = "gnu++0x";
				CLANG_CXX_LIBRARY = "libc++";
				CLANG_ENABLE_MODULES = YES;
				CLANG_ENABLE_OBJC_ARC = YES;
				CLANG_WARN_BOOL_CONVERSION = YES;
				CLANG_WARN_CONSTANT_CONVERSION = YES;
				CLANG_WARN_DIRECT_OBJC_ISA_USAGE = YES_ERROR;
				CLANG_WARN_DOCUMENTATION_COMMENTS = YES;
				CLANG_WARN_EMPTY_BODY = YES;
				CLANG_WARN_ENUM_CONVERSION = YES;
				CLANG_WARN_INFINITE_RECURSION = YES;
				CLANG_WARN_INT_CONVERSION = YES;
				CLANG_WARN_OBJC_ROOT_CLASS = YES_ERROR;
				CLANG_WARN_SUSPICIOUS_MOVES = YES;
				CLANG_WARN_UNREACHABLE_CODE = YES;
				CLANG_WARN__DUPLICATE_METHOD_MATCH = YES;
				"CODE_SIGN_IDENTITY[sdk=iphoneos*]" = "iPhone Developer";
				COPY_PHASE_STRIP = NO;
				DEBUG_INFORMATION_FORMAT = "dwarf-with-dsym";
				ENABLE_NS_ASSERTIONS = NO;
				ENABLE_STRICT_OBJC_MSGSEND = YES;
				GCC_C_LANGUAGE_STANDARD = gnu99;
				GCC_NO_COMMON_BLOCKS = YES;
				GCC_WARN_64_TO_32_BIT_CONVERSION = YES;
				GCC_WARN_ABOUT_RETURN_TYPE = YES_ERROR;
				GCC_WARN_UNDECLARED_SELECTOR = YES;
				GCC_WARN_UNINITIALIZED_AUTOS = YES_AGGRESSIVE;
				GCC_WARN_UNUSED_FUNCTION = YES;
				GCC_WARN_UNUSED_VARIABLE = YES;
				IPHONEOS_DEPLOYMENT_TARGET = 10.1;
				MTL_ENABLE_DEBUG_INFO = NO;
				SDKROOT = iphoneos;
				SWIFT_OPTIMIZATION_LEVEL = "-Owholemodule";
				VALIDATE_PRODUCT = YES;
			};
			name = Release;
		};
		CFE1F8AC1EAD92C20026061C /* Debug */ = {
			isa = XCBuildConfiguration;
			buildSettings = {
				ASSETCATALOG_COMPILER_APPICON_NAME = AppIcon;
				CLANG_ENABLE_MODULES = YES;
				DEVELOPMENT_TEAM = 89QA549549;
				INFOPLIST_FILE = HarritonMobileApp/Info.plist;
				IPHONEOS_DEPLOYMENT_TARGET = 10.1;
				LD_RUNPATH_SEARCH_PATHS = "$(inherited) @executable_path/Frameworks";
				PRODUCT_BUNDLE_IDENTIFIER = com.example.HarritonMobileApp;
				PRODUCT_NAME = "$(TARGET_NAME)";
				SWIFT_OBJC_BRIDGING_HEADER = "HarritonMobileApp/HarritonMobileApp-Bridging-Header.h";
				SWIFT_OPTIMIZATION_LEVEL = "-Onone";
				SWIFT_VERSION = 3.0;
				TARGETED_DEVICE_FAMILY = 1;
			};
			name = Debug;
		};
		CFE1F8AD1EAD92C20026061C /* Release */ = {
			isa = XCBuildConfiguration;
			buildSettings = {
				ASSETCATALOG_COMPILER_APPICON_NAME = AppIcon;
				CLANG_ENABLE_MODULES = YES;
				DEVELOPMENT_TEAM = 89QA549549;
				INFOPLIST_FILE = HarritonMobileApp/Info.plist;
				IPHONEOS_DEPLOYMENT_TARGET = 10.1;
				LD_RUNPATH_SEARCH_PATHS = "$(inherited) @executable_path/Frameworks";
				PRODUCT_BUNDLE_IDENTIFIER = com.example.HarritonMobileApp;
				PRODUCT_NAME = "$(TARGET_NAME)";
				SWIFT_OBJC_BRIDGING_HEADER = "HarritonMobileApp/HarritonMobileApp-Bridging-Header.h";
				SWIFT_VERSION = 3.0;
				TARGETED_DEVICE_FAMILY = 1;
			};
			name = Release;
		};
		CFE1F8AF1EAD92C20026061C /* Debug */ = {
			isa = XCBuildConfiguration;
			buildSettings = {
				ALWAYS_EMBED_SWIFT_STANDARD_LIBRARIES = YES;
				BUNDLE_LOADER = "$(TEST_HOST)";
				INFOPLIST_FILE = HarritonMobileAppTests/Info.plist;
				LD_RUNPATH_SEARCH_PATHS = "$(inherited) @executable_path/Frameworks @loader_path/Frameworks";
				PRODUCT_BUNDLE_IDENTIFIER = com.example.HarritonMobileAppTests;
				PRODUCT_NAME = "$(TARGET_NAME)";
				SWIFT_VERSION = 3.0;
				TEST_HOST = "$(BUILT_PRODUCTS_DIR)/HarritonMobileApp.app/HarritonMobileApp";
			};
			name = Debug;
		};
		CFE1F8B01EAD92C20026061C /* Release */ = {
			isa = XCBuildConfiguration;
			buildSettings = {
				ALWAYS_EMBED_SWIFT_STANDARD_LIBRARIES = YES;
				BUNDLE_LOADER = "$(TEST_HOST)";
				INFOPLIST_FILE = HarritonMobileAppTests/Info.plist;
				LD_RUNPATH_SEARCH_PATHS = "$(inherited) @executable_path/Frameworks @loader_path/Frameworks";
				PRODUCT_BUNDLE_IDENTIFIER = com.example.HarritonMobileAppTests;
				PRODUCT_NAME = "$(TARGET_NAME)";
				SWIFT_VERSION = 3.0;
				TEST_HOST = "$(BUILT_PRODUCTS_DIR)/HarritonMobileApp.app/HarritonMobileApp";
			};
			name = Release;
		};
		CFE1F8B21EAD92C20026061C /* Debug */ = {
			isa = XCBuildConfiguration;
			buildSettings = {
				ALWAYS_EMBED_SWIFT_STANDARD_LIBRARIES = YES;
				INFOPLIST_FILE = HarritonMobileAppUITests/Info.plist;
				LD_RUNPATH_SEARCH_PATHS = "$(inherited) @executable_path/Frameworks @loader_path/Frameworks";
				PRODUCT_BUNDLE_IDENTIFIER = com.example.HarritonMobileAppUITests;
				PRODUCT_NAME = "$(TARGET_NAME)";
				SWIFT_VERSION = 3.0;
				TEST_TARGET_NAME = HarritonMobileApp;
			};
			name = Debug;
		};
		CFE1F8B31EAD92C20026061C /* Release */ = {
			isa = XCBuildConfiguration;
			buildSettings = {
				ALWAYS_EMBED_SWIFT_STANDARD_LIBRARIES = YES;
				INFOPLIST_FILE = HarritonMobileAppUITests/Info.plist;
				LD_RUNPATH_SEARCH_PATHS = "$(inherited) @executable_path/Frameworks @loader_path/Frameworks";
				PRODUCT_BUNDLE_IDENTIFIER = com.example.HarritonMobileAppUITests;
				PRODUCT_NAME = "$(TARGET_NAME)";
				SWIFT_VERSION = 3.0;
				TEST_TARGET_NAME = HarritonMobileApp;
			};
			name = Release;
		};
/* End XCBuildConfiguration section */

/* Begin XCConfigurationList section */
		CFE1F87E1EAD92C20026061C /* Build configuration list for PBXProject "HarritonMobileApp" */ = {
			isa = XCConfigurationList;
			buildConfigurations = (
				CFE1F8A91EAD92C20026061C /* Debug */,
				CFE1F8AA1EAD92C20026061C /* Release */,
			);
			defaultConfigurationIsVisible = 0;
			defaultConfigurationName = Release;
		};
		CFE1F8AB1EAD92C20026061C /* Build configuration list for PBXNativeTarget "HarritonMobileApp" */ = {
			isa = XCConfigurationList;
			buildConfigurations = (
				CFE1F8AC1EAD92C20026061C /* Debug */,
				CFE1F8AD1EAD92C20026061C /* Release */,
			);
			defaultConfigurationIsVisible = 0;
			defaultConfigurationName = Release;
		};
		CFE1F8AE1EAD92C20026061C /* Build configuration list for PBXNativeTarget "HarritonMobileAppTests" */ = {
			isa = XCConfigurationList;
			buildConfigurations = (
				CFE1F8AF1EAD92C20026061C /* Debug */,
				CFE1F8B01EAD92C20026061C /* Release */,
			);
			defaultConfigurationIsVisible = 0;
			defaultConfigurationName = Release;
		};
		CFE1F8B11EAD92C20026061C /* Build configuration list for PBXNativeTarget "HarritonMobileAppUITests" */ = {
			isa = XCConfigurationList;
			buildConfigurations = (
				CFE1F8B21EAD92C20026061C /* Debug */,
				CFE1F8B31EAD92C20026061C /* Release */,
			);
			defaultConfigurationIsVisible = 0;
			defaultConfigurationName = Release;
		};
/* End XCConfigurationList section */
	};
	rootObject = CFE1F87B1EAD92C20026061C /* Project object */;
}
